
Microsoft Visual Studio Solution File, Format Version 12.00
# Visual Studio Version 17
VisualStudioVersion = 17.14.37216.2 d17.14
MinimumVisualStudioVersion = 10.0.40219.1
Project("{FAE04EC0-301F-11D3-BF4B-00C04F79EFBC}") = "lab 8 code task", "lab 8 code task\lab 8 code task.csproj", "{A658F912-1134-4B92-8647-D052CB2B2EE9}"
EndProject
Global
	GlobalSection(SolutionConfigurationPlatforms) = preSolution
		Debug|Any CPU = Debug|Any CPU
		Release|Any CPU = Release|Any CPU
	EndGlobalSection
	GlobalSection(ProjectConfigurationPlatforms) = postSolution
		{A658F912-1134-4B92-8647-D052CB2B2EE9}.Debug|Any CPU.ActiveCfg = Debug|Any CPU
		{A658F912-1134-4B92-8647-D052CB2B2EE9}.Debug|Any CPU.Build.0 = Debug|Any CPU
		{A658F912-1134-4B92-8647-D052CB2B2EE9}.Release|Any CPU.ActiveCfg = Release|Any CPU
		{A658F912-1134-4B92-8647-D052CB2B2EE9}.Release|Any CPU.Build.0 = Release|Any CPU
	EndGlobalSection
	GlobalSection(SolutionProperties) = preSolution
		HideSolutionNode = FALSE
	EndGlobalSection
	GlobalSection(ExtensibilityGlobals) = postSolution
		SolutionGuid = {A1EC99DE-F9C8-4B72-8F00-FDB9C42FF380}
	EndGlobalSection
EndGlobal
